
Microsoft Visual Studio Solution File, Format Version 12.00
# Visual Studio Version 17
VisualStudioVersion = 17.6.33723.286
MinimumVisualStudioVersion = 10.0.40219.1
Project("{FAE04EC0-301F-11D3-BF4B-00C04F79EFBC}") = "Set", "Set\Set.csproj", "{564CE7BD-21A0-46E7-BC31-8F2FC121F370}"
EndProject
Global
	GlobalSection(SolutionConfigurationPlatforms) = preSolution
		Debug|Any CPU = Debug|Any CPU
		Release|Any CPU = Release|Any CPU
	EndGlobalSection
	GlobalSection(ProjectConfigurationPlatforms) = postSolution
		{564CE7BD-21A0-46E7-BC31-8F2FC121F370}.Debug|Any CPU.ActiveCfg = Debug|Any CPU
		{564CE7BD-21A0-46E7-BC31-8F2FC121F370}.Debug|Any CPU.Build.0 = Debug|Any CPU
		{564CE7BD-21A0-46E7-BC31-8F2FC121F370}.Release|Any CPU.ActiveCfg = Release|Any CPU
		{564CE7BD-21A0-46E7-BC31-8F2FC121F370}.Release|Any CPU.Build.0 = Release|Any CPU
	EndGlobalSection
	GlobalSection(SolutionProperties) = preSolution
		HideSolutionNode = FALSE
	EndGlobalSection
	GlobalSection(ExtensibilityGlobals) = postSolution
		SolutionGuid = {056A5694-0C58-483E-B12B-49FCD4C7844E}
	EndGlobalSection
EndGlobal
